
Microsoft Visual Studio Solution File, Format Version 12.00
# Visual Studio Version 17
VisualStudioVersion = 17.8.34511.84
MinimumVisualStudioVersion = 10.0.40219.1
Project("{9A19103F-16F7-4668-BE54-9A1E7A4F7556}") = "Geometry", "Geometry.csproj", "{BCE2F3DF-44BC-43D2-A459-292FA5801B93}"
EndProject
Project("{FAE04EC0-301F-11D3-BF4B-00C04F79EFBC}") = "GeometryTest", "..\GeometryTest\GeometryTest.csproj", "{E39CA608-9657-44AB-9D7D-FA4E2F820260}"
EndProject
Global
	GlobalSection(SolutionConfigurationPlatforms) = preSolution
		Debug|Any CPU = Debug|Any CPU
		Release|Any CPU = Release|Any CPU
	EndGlobalSection
	GlobalSection(ProjectConfigurationPlatforms) = postSolution
		{BCE2F3DF-44BC-43D2-A459-292FA5801B93}.Debug|Any CPU.ActiveCfg = Debug|Any CPU
		{BCE2F3DF-44BC-43D2-A459-292FA5801B93}.Debug|Any CPU.Build.0 = Debug|Any CPU
		{BCE2F3DF-44BC-43D2-A459-292FA5801B93}.Release|Any CPU.ActiveCfg = Release|Any CPU
		{BCE2F3DF-44BC-43D2-A459-292FA5801B93}.Release|Any CPU.Build.0 = Release|Any CPU
		{E39CA608-9657-44AB-9D7D-FA4E2F820260}.Debug|Any CPU.ActiveCfg = Debug|Any CPU
		{E39CA608-9657-44AB-9D7D-FA4E2F820260}.Debug|Any CPU.Build.0 = Debug|Any CPU
		{E39CA608-9657-44AB-9D7D-FA4E2F820260}.Release|Any CPU.ActiveCfg = Release|Any CPU
		{E39CA608-9657-44AB-9D7D-FA4E2F820260}.Release|Any CPU.Build.0 = Release|Any CPU
	EndGlobalSection
	GlobalSection(SolutionProperties) = preSolution
		HideSolutionNode = FALSE
	EndGlobalSection
	GlobalSection(ExtensibilityGlobals) = postSolution
		SolutionGuid = {617DEC5A-33A6-49A4-A79E-E3922105DAE7}
	EndGlobalSection
EndGlobal
